// !$*UTF8*$!
{
	archiveVersion = 1;
	classes = {
	};
	objectVersion = 50;
	objects = {

/* Begin PBXBuildFile section */
		6315E7E120C905C00086E8B2 /* ItemViewController.swift in Sources */ = {isa = PBXBuildFile; fileRef = 6315E7E020C905C00086E8B2 /* ItemViewController.swift */; };
		6315E7E220C905C00086E8B2 /* ItemViewController.swift in Sources */ = {isa = PBXBuildFile; fileRef = 6315E7E020C905C00086E8B2 /* ItemViewController.swift */; };
		6315E7E320C905C00086E8B2 /* ItemViewController.swift in Sources */ = {isa = PBXBuildFile; fileRef = 6315E7E020C905C00086E8B2 /* ItemViewController.swift */; };
		637692AE20CA1D69008C0060 /* ConfirmOrderViewController.swift in Sources */ = {isa = PBXBuildFile; fileRef = 637692AD20CA1D69008C0060 /* ConfirmOrderViewController.swift */; };
		637692AF20CA1D69008C0060 /* ConfirmOrderViewController.swift in Sources */ = {isa = PBXBuildFile; fileRef = 637692AD20CA1D69008C0060 /* ConfirmOrderViewController.swift */; };
		637692B020CA1D69008C0060 /* ConfirmOrderViewController.swift in Sources */ = {isa = PBXBuildFile; fileRef = 637692AD20CA1D69008C0060 /* ConfirmOrderViewController.swift */; };
		637692B220CA561E008C0060 /* MapViewController.swift in Sources */ = {isa = PBXBuildFile; fileRef = 637692B120CA561E008C0060 /* MapViewController.swift */; };
		637692B320CA561E008C0060 /* MapViewController.swift in Sources */ = {isa = PBXBuildFile; fileRef = 637692B120CA561E008C0060 /* MapViewController.swift */; };
		637692B420CA561E008C0060 /* MapViewController.swift in Sources */ = {isa = PBXBuildFile; fileRef = 637692B120CA561E008C0060 /* MapViewController.swift */; };
		637692B620CA9479008C0060 /* RegisterViewControllerTest.swift in Sources */ = {isa = PBXBuildFile; fileRef = 637692B520CA9479008C0060 /* RegisterViewControllerTest.swift */; };
		637692B820CA9F4D008C0060 /* AppDelegate.swift in Sources */ = {isa = PBXBuildFile; fileRef = 63BC6ADA20A6BABF00EB82A6 /* AppDelegate.swift */; };
		637692B920CA9F4F008C0060 /* AppDelegate.swift in Sources */ = {isa = PBXBuildFile; fileRef = 63BC6ADA20A6BABF00EB82A6 /* AppDelegate.swift */; };
		637692BA20CA9F56008C0060 /* OrderItem.swift in Sources */ = {isa = PBXBuildFile; fileRef = 63E8B44E20B6BF8B0078F69E /* OrderItem.swift */; };
		637692BB20CA9F56008C0060 /* OrderItem.swift in Sources */ = {isa = PBXBuildFile; fileRef = 63E8B44E20B6BF8B0078F69E /* OrderItem.swift */; };
		637692BC20CA9F58008C0060 /* SampleDataSource.swift in Sources */ = {isa = PBXBuildFile; fileRef = 63DCBBAD20BEA1920032E8B2 /* SampleDataSource.swift */; };
		637692BD20CA9F59008C0060 /* SampleDataSource.swift in Sources */ = {isa = PBXBuildFile; fileRef = 63DCBBAD20BEA1920032E8B2 /* SampleDataSource.swift */; };
		637692BE20CA9F5C008C0060 /* Category.swift in Sources */ = {isa = PBXBuildFile; fileRef = 63A1EB2F20C129DD009F5778 /* Category.swift */; };
		637692BF20CA9F5C008C0060 /* Category.swift in Sources */ = {isa = PBXBuildFile; fileRef = 63A1EB2F20C129DD009F5778 /* Category.swift */; };
		637692C020CA9F5F008C0060 /* User.swift in Sources */ = {isa = PBXBuildFile; fileRef = 63B9FFDE20C551950050A21F /* User.swift */; };
		637692C120CA9F5F008C0060 /* User.swift in Sources */ = {isa = PBXBuildFile; fileRef = 63B9FFDE20C551950050A21F /* User.swift */; };
		637692C220CA9F7B008C0060 /* CartViewController.swift in Sources */ = {isa = PBXBuildFile; fileRef = 63E8B44C20B6972D0078F69E /* CartViewController.swift */; };
		637692C320CA9F7B008C0060 /* CartViewController.swift in Sources */ = {isa = PBXBuildFile; fileRef = 63E8B44C20B6972D0078F69E /* CartViewController.swift */; };
		637692C420CA9F8A008C0060 /* Assets.xcassets in Resources */ = {isa = PBXBuildFile; fileRef = 63BC6AE420A6BAC000EB82A6 /* Assets.xcassets */; };
		637692C520CA9F8B008C0060 /* Assets.xcassets in Resources */ = {isa = PBXBuildFile; fileRef = 63BC6AE420A6BAC000EB82A6 /* Assets.xcassets */; };
		637692C620CA9F8F008C0060 /* GroceryDeliveryApp.xcdatamodeld in Sources */ = {isa = PBXBuildFile; fileRef = 63BC6AE120A6BABF00EB82A6 /* GroceryDeliveryApp.xcdatamodeld */; };
		637692C720CA9F90008C0060 /* GroceryDeliveryApp.xcdatamodeld in Sources */ = {isa = PBXBuildFile; fileRef = 63BC6AE120A6BABF00EB82A6 /* GroceryDeliveryApp.xcdatamodeld */; };
		637692CA20CAA037008C0060 /* LoginViewControllerTest.swift in Sources */ = {isa = PBXBuildFile; fileRef = 637692C920CAA037008C0060 /* LoginViewControllerTest.swift */; };
		637692CC20CAA117008C0060 /* ShopViewControllerTest.swift in Sources */ = {isa = PBXBuildFile; fileRef = 637692CB20CAA117008C0060 /* ShopViewControllerTest.swift */; };
		637692CE20CAA129008C0060 /* CartViewControllerTest.swift in Sources */ = {isa = PBXBuildFile; fileRef = 637692CD20CAA129008C0060 /* CartViewControllerTest.swift */; };
		637692D020CAA153008C0060 /* AccountViewControllerTest.swift in Sources */ = {isa = PBXBuildFile; fileRef = 637692CF20CAA153008C0060 /* AccountViewControllerTest.swift */; };
		637692D120CAA153008C0060 /* AccountViewControllerTest.swift in Sources */ = {isa = PBXBuildFile; fileRef = 637692CF20CAA153008C0060 /* AccountViewControllerTest.swift */; };
		637692D220CAA15F008C0060 /* CartViewControllerTest.swift in Sources */ = {isa = PBXBuildFile; fileRef = 637692CD20CAA129008C0060 /* CartViewControllerTest.swift */; };
		637692D320CAA162008C0060 /* ShopViewControllerTest.swift in Sources */ = {isa = PBXBuildFile; fileRef = 637692CB20CAA117008C0060 /* ShopViewControllerTest.swift */; };
		637692D420CAA165008C0060 /* LoginViewControllerTest.swift in Sources */ = {isa = PBXBuildFile; fileRef = 637692C920CAA037008C0060 /* LoginViewControllerTest.swift */; };
		637692D520CAA168008C0060 /* RegisterViewControllerTest.swift in Sources */ = {isa = PBXBuildFile; fileRef = 637692B520CA9479008C0060 /* RegisterViewControllerTest.swift */; };
		639A686B20BFD5640031454A /* WelcomeViewController.swift in Sources */ = {isa = PBXBuildFile; fileRef = 639A686A20BFD5640031454A /* WelcomeViewController.swift */; };
		639A686C20BFD5640031454A /* WelcomeViewController.swift in Sources */ = {isa = PBXBuildFile; fileRef = 639A686A20BFD5640031454A /* WelcomeViewController.swift */; };
		639A686D20BFD5640031454A /* WelcomeViewController.swift in Sources */ = {isa = PBXBuildFile; fileRef = 639A686A20BFD5640031454A /* WelcomeViewController.swift */; };
		63A1EB2C20C116E9009F5778 /* AccountViewController.swift in Sources */ = {isa = PBXBuildFile; fileRef = 63A1EB2B20C116E9009F5778 /* AccountViewController.swift */; };
		63A1EB2D20C116E9009F5778 /* AccountViewController.swift in Sources */ = {isa = PBXBuildFile; fileRef = 63A1EB2B20C116E9009F5778 /* AccountViewController.swift */; };
		63A1EB2E20C116E9009F5778 /* AccountViewController.swift in Sources */ = {isa = PBXBuildFile; fileRef = 63A1EB2B20C116E9009F5778 /* AccountViewController.swift */; };
		63A1EB3020C129DD009F5778 /* Category.swift in Sources */ = {isa = PBXBuildFile; fileRef = 63A1EB2F20C129DD009F5778 /* Category.swift */; };
		63A3F53D20B672F900C22562 /* TabController.swift in Sources */ = {isa = PBXBuildFile; fileRef = 63A3F53C20B672F900C22562 /* TabController.swift */; };
		63B9FFDF20C551950050A21F /* User.swift in Sources */ = {isa = PBXBuildFile; fileRef = 63B9FFDE20C551950050A21F /* User.swift */; };
		63BC6ADB20A6BABF00EB82A6 /* AppDelegate.swift in Sources */ = {isa = PBXBuildFile; fileRef = 63BC6ADA20A6BABF00EB82A6 /* AppDelegate.swift */; };
		63BC6AE020A6BABF00EB82A6 /* Main.storyboard in Resources */ = {isa = PBXBuildFile; fileRef = 63BC6ADE20A6BABF00EB82A6 /* Main.storyboard */; };
		63BC6AE320A6BABF00EB82A6 /* GroceryDeliveryApp.xcdatamodeld in Sources */ = {isa = PBXBuildFile; fileRef = 63BC6AE120A6BABF00EB82A6 /* GroceryDeliveryApp.xcdatamodeld */; };
		63BC6AE520A6BAC000EB82A6 /* Assets.xcassets in Resources */ = {isa = PBXBuildFile; fileRef = 63BC6AE420A6BAC000EB82A6 /* Assets.xcassets */; };
		63BC6AE820A6BAC000EB82A6 /* LaunchScreen.storyboard in Resources */ = {isa = PBXBuildFile; fileRef = 63BC6AE620A6BAC000EB82A6 /* LaunchScreen.storyboard */; };
		63BC6AF320A6BAC000EB82A6 /* GroceryDeliveryAppTests.swift in Sources */ = {isa = PBXBuildFile; fileRef = 63BC6AF220A6BAC000EB82A6 /* GroceryDeliveryAppTests.swift */; };
		63BC6AFE20A6BAC100EB82A6 /* GroceryDeliveryAppUITests.swift in Sources */ = {isa = PBXBuildFile; fileRef = 63BC6AFD20A6BAC100EB82A6 /* GroceryDeliveryAppUITests.swift */; };
		63BC6B0D20A6BAE200EB82A6 /* CoreData.framework in Frameworks */ = {isa = PBXBuildFile; fileRef = 63BC6B0C20A6BAE200EB82A6 /* CoreData.framework */; };
		63BC6B0F20A6C16C00EB82A6 /* GoogleService-Info.plist in Resources */ = {isa = PBXBuildFile; fileRef = 63BC6B0E20A6C16B00EB82A6 /* GoogleService-Info.plist */; };
		63BC6B1320A6C55D00EB82A6 /* RegisterViewController.swift in Sources */ = {isa = PBXBuildFile; fileRef = 63BC6B1220A6C55D00EB82A6 /* RegisterViewController.swift */; };
		63BC6B1420A6C55D00EB82A6 /* RegisterViewController.swift in Sources */ = {isa = PBXBuildFile; fileRef = 63BC6B1220A6C55D00EB82A6 /* RegisterViewController.swift */; };
		63BC6B1520A6C55D00EB82A6 /* RegisterViewController.swift in Sources */ = {isa = PBXBuildFile; fileRef = 63BC6B1220A6C55D00EB82A6 /* RegisterViewController.swift */; };
		63BC6B1720A6C58000EB82A6 /* LoginViewController.swift in Sources */ = {isa = PBXBuildFile; fileRef = 63BC6B1620A6C58000EB82A6 /* LoginViewController.swift */; };
		63BC6B1820A6C58000EB82A6 /* LoginViewController.swift in Sources */ = {isa = PBXBuildFile; fileRef = 63BC6B1620A6C58000EB82A6 /* LoginViewController.swift */; };
		63BC6B1920A6C58000EB82A6 /* LoginViewController.swift in Sources */ = {isa = PBXBuildFile; fileRef = 63BC6B1620A6C58000EB82A6 /* LoginViewController.swift */; };
		63DCBBAE20BEA1920032E8B2 /* SampleDataSource.swift in Sources */ = {isa = PBXBuildFile; fileRef = 63DCBBAD20BEA1920032E8B2 /* SampleDataSource.swift */; };
		63E8B44D20B6972D0078F69E /* CartViewController.swift in Sources */ = {isa = PBXBuildFile; fileRef = 63E8B44C20B6972D0078F69E /* CartViewController.swift */; };
		63E8B44F20B6BF8B0078F69E /* OrderItem.swift in Sources */ = {isa = PBXBuildFile; fileRef = 63E8B44E20B6BF8B0078F69E /* OrderItem.swift */; };
		63FA42E620A7FE0900B4AC46 /* ShopViewController.swift in Sources */ = {isa = PBXBuildFile; fileRef = 63FA42E520A7FE0900B4AC46 /* ShopViewController.swift */; };
		63FA42E720A7FE0900B4AC46 /* ShopViewController.swift in Sources */ = {isa = PBXBuildFile; fileRef = 63FA42E520A7FE0900B4AC46 /* ShopViewController.swift */; };
		63FA42E820A7FE0900B4AC46 /* ShopViewController.swift in Sources */ = {isa = PBXBuildFile; fileRef = 63FA42E520A7FE0900B4AC46 /* ShopViewController.swift */; };
		63FA42EB20A7FE3600B4AC46 /* CategoryTableViewCell.swift in Sources */ = {isa = PBXBuildFile; fileRef = 63FA42E920A7FE3600B4AC46 /* CategoryTableViewCell.swift */; };
		63FA42EC20A7FE3600B4AC46 /* CategoryTableViewCell.swift in Sources */ = {isa = PBXBuildFile; fileRef = 63FA42E920A7FE3600B4AC46 /* CategoryTableViewCell.swift */; };
		63FA42ED20A7FE3600B4AC46 /* CategoryTableViewCell.swift in Sources */ = {isa = PBXBuildFile; fileRef = 63FA42E920A7FE3600B4AC46 /* CategoryTableViewCell.swift */; };
		63FA42EE20A7FE3600B4AC46 /* CategoryTableViewCell.xib in Resources */ = {isa = PBXBuildFile; fileRef = 63FA42EA20A7FE3600B4AC46 /* CategoryTableViewCell.xib */; };
		63FA42EF20A7FE3600B4AC46 /* CategoryTableViewCell.xib in Resources */ = {isa = PBXBuildFile; fileRef = 63FA42EA20A7FE3600B4AC46 /* CategoryTableViewCell.xib */; };
		63FA42F020A7FE3600B4AC46 /* CategoryTableViewCell.xib in Resources */ = {isa = PBXBuildFile; fileRef = 63FA42EA20A7FE3600B4AC46 /* CategoryTableViewCell.xib */; };
		63FA42F320A7FE4C00B4AC46 /* ItemTableViewCell.swift in Sources */ = {isa = PBXBuildFile; fileRef = 63FA42F120A7FE4C00B4AC46 /* ItemTableViewCell.swift */; };
		63FA42F420A7FE4C00B4AC46 /* ItemTableViewCell.swift in Sources */ = {isa = PBXBuildFile; fileRef = 63FA42F120A7FE4C00B4AC46 /* ItemTableViewCell.swift */; };
		63FA42F520A7FE4C00B4AC46 /* ItemTableViewCell.swift in Sources */ = {isa = PBXBuildFile; fileRef = 63FA42F120A7FE4C00B4AC46 /* ItemTableViewCell.swift */; };
		63FA42F620A7FE4C00B4AC46 /* ItemTableViewCell.xib in Resources */ = {isa = PBXBuildFile; fileRef = 63FA42F220A7FE4C00B4AC46 /* ItemTableViewCell.xib */; };
		63FA42F720A7FE4C00B4AC46 /* ItemTableViewCell.xib in Resources */ = {isa = PBXBuildFile; fileRef = 63FA42F220A7FE4C00B4AC46 /* ItemTableViewCell.xib */; };
		63FA42F820A7FE4C00B4AC46 /* ItemTableViewCell.xib in Resources */ = {isa = PBXBuildFile; fileRef = 63FA42F220A7FE4C00B4AC46 /* ItemTableViewCell.xib */; };
		C526B45F16C8D78CD86A97E1 /* Pods_GroceryDeliveryApp.framework in Frameworks */ = {isa = PBXBuildFile; fileRef = 531C490390905E84F10B2DC8 /* Pods_GroceryDeliveryApp.framework */; };
		CFD607A3E1D0F2FA0F06A2BD /* Pods_GroceryDeliveryAppUITests.framework in Frameworks */ = {isa = PBXBuildFile; fileRef = 4FCC80E1255A66BDEA5C76D0 /* Pods_GroceryDeliveryAppUITests.framework */; };
		FCCC97AF27950B3C5997E0DC /* Pods_GroceryDeliveryAppTests.framework in Frameworks */ = {isa = PBXBuildFile; fileRef = 4690C40AB5C083E0407B18E2 /* Pods_GroceryDeliveryAppTests.framework */; };
/* End PBXBuildFile section */

/* Begin PBXContainerItemProxy section */
		63BC6AEF20A6BAC000EB82A6 /* PBXContainerItemProxy */ = {
			isa = PBXContainerItemProxy;
			containerPortal = 63BC6ACF20A6BABF00EB82A6 /* Project object */;
			proxyType = 1;
			remoteGlobalIDString = 63BC6AD620A6BABF00EB82A6;
			remoteInfo = GroceryDeliveryApp;
		};
		63BC6AFA20A6BAC100EB82A6 /* PBXContainerItemProxy */ = {
			isa = PBXContainerItemProxy;
			containerPortal = 63BC6ACF20A6BABF00EB82A6 /* Project object */;
			proxyType = 1;
			remoteGlobalIDString = 63BC6AD620A6BABF00EB82A6;
			remoteInfo = GroceryDeliveryApp;
		};
/* End PBXContainerItemProxy section */

/* Begin PBXFileReference section */
		263D8CE99E21B00DB7A6C01B /* Pods-GroceryDeliveryAppTests.debug.xcconfig */ = {isa = PBXFileReference; includeInIndex = 1; lastKnownFileType = text.xcconfig; name = "Pods-GroceryDeliveryAppTests.debug.xcconfig"; path = "Pods/Target Support Files/Pods-GroceryDeliveryAppTests/Pods-GroceryDeliveryAppTests.debug.xcconfig"; sourceTree = "<group>"; };
		3C2B6E46D589EA25FA7C012A /* Pods-GroceryDeliveryApp.release.xcconfig */ = {isa = PBXFileReference; includeInIndex = 1; lastKnownFileType = text.xcconfig; name = "Pods-GroceryDeliveryApp.release.xcconfig"; path = "Pods/Target Support Files/Pods-GroceryDeliveryApp/Pods-GroceryDeliveryApp.release.xcconfig"; sourceTree = "<group>"; };
		4690C40AB5C083E0407B18E2 /* Pods_GroceryDeliveryAppTests.framework */ = {isa = PBXFileReference; explicitFileType = wrapper.framework; includeInIndex = 0; path = Pods_GroceryDeliveryAppTests.framework; sourceTree = BUILT_PRODUCTS_DIR; };
		4FCC80E1255A66BDEA5C76D0 /* Pods_GroceryDeliveryAppUITests.framework */ = {isa = PBXFileReference; explicitFileType = wrapper.framework; includeInIndex = 0; path = Pods_GroceryDeliveryAppUITests.framework; sourceTree = BUILT_PRODUCTS_DIR; };
		531C490390905E84F10B2DC8 /* Pods_GroceryDeliveryApp.framework */ = {isa = PBXFileReference; explicitFileType = wrapper.framework; includeInIndex = 0; path = Pods_GroceryDeliveryApp.framework; sourceTree = BUILT_PRODUCTS_DIR; };
		6315E7E020C905C00086E8B2 /* ItemViewController.swift */ = {isa = PBXFileReference; lastKnownFileType = sourcecode.swift; path = ItemViewController.swift; sourceTree = "<group>"; };
		637692AD20CA1D69008C0060 /* ConfirmOrderViewController.swift */ = {isa = PBXFileReference; lastKnownFileType = sourcecode.swift; path = ConfirmOrderViewController.swift; sourceTree = "<group>"; };
		637692B120CA561E008C0060 /* MapViewController.swift */ = {isa = PBXFileReference; lastKnownFileType = sourcecode.swift; path = MapViewController.swift; sourceTree = "<group>"; };
		637692B520CA9479008C0060 /* RegisterViewControllerTest.swift */ = {isa = PBXFileReference; lastKnownFileType = sourcecode.swift; path = RegisterViewControllerTest.swift; sourceTree = "<group>"; };
		637692C920CAA037008C0060 /* LoginViewControllerTest.swift */ = {isa = PBXFileReference; lastKnownFileType = sourcecode.swift; path = LoginViewControllerTest.swift; sourceTree = "<group>"; };
		637692CB20CAA117008C0060 /* ShopViewControllerTest.swift */ = {isa = PBXFileReference; lastKnownFileType = sourcecode.swift; path = ShopViewControllerTest.swift; sourceTree = "<group>"; };
		637692CD20CAA129008C0060 /* CartViewControllerTest.swift */ = {isa = PBXFileReference; lastKnownFileType = sourcecode.swift; path = CartViewControllerTest.swift; sourceTree = "<group>"; };
		637692CF20CAA153008C0060 /* AccountViewControllerTest.swift */ = {isa = PBXFileReference; lastKnownFileType = sourcecode.swift; path = AccountViewControllerTest.swift; sourceTree = "<group>"; };
		639A686A20BFD5640031454A /* WelcomeViewController.swift */ = {isa = PBXFileReference; lastKnownFileType = sourcecode.swift; path = WelcomeViewController.swift; sourceTree = "<group>"; };
		63A1EB2B20C116E9009F5778 /* AccountViewController.swift */ = {isa = PBXFileReference; lastKnownFileType = sourcecode.swift; path = AccountViewController.swift; sourceTree = "<group>"; };
		63A1EB2F20C129DD009F5778 /* Category.swift */ = {isa = PBXFileReference; lastKnownFileType = sourcecode.swift; path = Category.swift; sourceTree = "<group>"; };
		63A3F53C20B672F900C22562 /* TabController.swift */ = {isa = PBXFileReference; lastKnownFileType = sourcecode.swift; path = TabController.swift; sourceTree = "<group>"; };
		63B9FFDE20C551950050A21F /* User.swift */ = {isa = PBXFileReference; lastKnownFileType = sourcecode.swift; path = User.swift; sourceTree = "<group>"; };
		63BC6AD720A6BABF00EB82A6 /* GroceryDeliveryApp.app */ = {isa = PBXFileReference; explicitFileType = wrapper.application; includeInIndex = 0; path = GroceryDeliveryApp.app; sourceTree = BUILT_PRODUCTS_DIR; };
		63BC6ADA20A6BABF00EB82A6 /* AppDelegate.swift */ = {isa = PBXFileReference; lastKnownFileType = sourcecode.swift; path = AppDelegate.swift; sourceTree = "<group>"; };
		63BC6ADF20A6BABF00EB82A6 /* Base */ = {isa = PBXFileReference; lastKnownFileType = file.storyboard; name = Base; path = Base.lproj/Main.storyboard; sourceTree = "<group>"; };
		63BC6AE220A6BABF00EB82A6 /* GroceryDeliveryApp.xcdatamodel */ = {isa = PBXFileReference; lastKnownFileType = wrapper.xcdatamodel; path = GroceryDeliveryApp.xcdatamodel; sourceTree = "<group>"; };
		63BC6AE420A6BAC000EB82A6 /* Assets.xcassets */ = {isa = PBXFileReference; lastKnownFileType = folder.assetcatalog; path = Assets.xcassets; sourceTree = "<group>"; };
		63BC6AE720A6BAC000EB82A6 /* Base */ = {isa = PBXFileReference; lastKnownFileType = file.storyboard; name = Base; path = Base.lproj/LaunchScreen.storyboard; sourceTree = "<group>"; };
		63BC6AE920A6BAC000EB82A6 /* Info.plist */ = {isa = PBXFileReference; lastKnownFileType = text.plist.xml; path = Info.plist; sourceTree = "<group>"; };
		63BC6AEE20A6BAC000EB82A6 /* GroceryDeliveryAppTests.xctest */ = {isa = PBXFileReference; explicitFileType = wrapper.cfbundle; includeInIndex = 0; path = GroceryDeliveryAppTests.xctest; sourceTree = BUILT_PRODUCTS_DIR; };
		63BC6AF220A6BAC000EB82A6 /* GroceryDeliveryAppTests.swift */ = {isa = PBXFileReference; lastKnownFileType = sourcecode.swift; path = GroceryDeliveryAppTests.swift; sourceTree = "<group>"; };
		63BC6AF420A6BAC100EB82A6 /* Info.plist */ = {isa = PBXFileReference; lastKnownFileType = text.plist.xml; path = Info.plist; sourceTree = "<group>"; };
		63BC6AF920A6BAC100EB82A6 /* GroceryDeliveryAppUITests.xctest */ = {isa = PBXFileReference; explicitFileType = wrapper.cfbundle; includeInIndex = 0; path = GroceryDeliveryAppUITests.xctest; sourceTree = BUILT_PRODUCTS_DIR; };
		63BC6AFD20A6BAC100EB82A6 /* GroceryDeliveryAppUITests.swift */ = {isa = PBXFileReference; lastKnownFileType = sourcecode.swift; path = GroceryDeliveryAppUITests.swift; sourceTree = "<group>"; };
		63BC6AFF20A6BAC100EB82A6 /* Info.plist */ = {isa = PBXFileReference; lastKnownFileType = text.plist.xml; path = Info.plist; sourceTree = "<group>"; };
		63BC6B0C20A6BAE200EB82A6 /* CoreData.framework */ = {isa = PBXFileReference; lastKnownFileType = wrapper.framework; name = CoreData.framework; path = System/Library/Frameworks/CoreData.framework; sourceTree = SDKROOT; };
		63BC6B0E20A6C16B00EB82A6 /* GoogleService-Info.plist */ = {isa = PBXFileReference; fileEncoding = 4; lastKnownFileType = text.plist.xml; path = "GoogleService-Info.plist"; sourceTree = "<group>"; };
		63BC6B1220A6C55D00EB82A6 /* RegisterViewController.swift */ = {isa = PBXFileReference; lastKnownFileType = sourcecode.swift; path = RegisterViewController.swift; sourceTree = "<group>"; };
		63BC6B1620A6C58000EB82A6 /* LoginViewController.swift */ = {isa = PBXFileReference; lastKnownFileType = sourcecode.swift; path = LoginViewController.swift; sourceTree = "<group>"; };
		63DCBBAD20BEA1920032E8B2 /* SampleDataSource.swift */ = {isa = PBXFileReference; lastKnownFileType = sourcecode.swift; path = SampleDataSource.swift; sourceTree = "<group>"; };
		63E8B44C20B6972D0078F69E /* CartViewController.swift */ = {isa = PBXFileReference; lastKnownFileType = sourcecode.swift; path = CartViewController.swift; sourceTree = "<group>"; };
		63E8B44E20B6BF8B0078F69E /* OrderItem.swift */ = {isa = PBXFileReference; lastKnownFileType = sourcecode.swift; path = OrderItem.swift; sourceTree = "<group>"; };
		63FA42E520A7FE0900B4AC46 /* ShopViewController.swift */ = {isa = PBXFileReference; lastKnownFileType = sourcecode.swift; path = ShopViewController.swift; sourceTree = "<group>"; };
		63FA42E920A7FE3600B4AC46 /* CategoryTableViewCell.swift */ = {isa = PBXFileReference; lastKnownFileType = sourcecode.swift; path = CategoryTableViewCell.swift; sourceTree = "<group>"; };
		63FA42EA20A7FE3600B4AC46 /* CategoryTableViewCell.xib */ = {isa = PBXFileReference; lastKnownFileType = file.xib; path = CategoryTableViewCell.xib; sourceTree = "<group>"; };
		63FA42F120A7FE4C00B4AC46 /* ItemTableViewCell.swift */ = {isa = PBXFileReference; lastKnownFileType = sourcecode.swift; path = ItemTableViewCell.swift; sourceTree = "<group>"; };
		63FA42F220A7FE4C00B4AC46 /* ItemTableViewCell.xib */ = {isa = PBXFileReference; lastKnownFileType = file.xib; path = ItemTableViewCell.xib; sourceTree = "<group>"; };
		6713E768A41A1F5499BB016B /* Pods-GroceryDeliveryAppUITests.release.xcconfig */ = {isa = PBXFileReference; includeInIndex = 1; lastKnownFileType = text.xcconfig; name = "Pods-GroceryDeliveryAppUITests.release.xcconfig"; path = "Pods/Target Support Files/Pods-GroceryDeliveryAppUITests/Pods-GroceryDeliveryAppUITests.release.xcconfig"; sourceTree = "<group>"; };
		8D6115D954EF607B3964A4F2 /* Pods-GroceryDeliveryAppTests.release.xcconfig */ = {isa = PBXFileReference; includeInIndex = 1; lastKnownFileType = text.xcconfig; name = "Pods-GroceryDeliveryAppTests.release.xcconfig"; path = "Pods/Target Support Files/Pods-GroceryDeliveryAppTests/Pods-GroceryDeliveryAppTests.release.xcconfig"; sourceTree = "<group>"; };
		BA81DC9E607D1BE13FDB5C3B /* Pods-GroceryDeliveryAppUITests.debug.xcconfig */ = {isa = PBXFileReference; includeInIndex = 1; lastKnownFileType = text.xcconfig; name = "Pods-GroceryDeliveryAppUITests.debug.xcconfig"; path = "Pods/Target Support Files/Pods-GroceryDeliveryAppUITests/Pods-GroceryDeliveryAppUITests.debug.xcconfig"; sourceTree = "<group>"; };
		BC1BE7E1D7FB06BC5FA9C7ED /* Pods-GroceryDeliveryApp.debug.xcconfig */ = {isa = PBXFileReference; includeInIndex = 1; lastKnownFileType = text.xcconfig; name = "Pods-GroceryDeliveryApp.debug.xcconfig"; path = "Pods/Target Support Files/Pods-GroceryDeliveryApp/Pods-GroceryDeliveryApp.debug.xcconfig"; sourceTree = "<group>"; };
/* End PBXFileReference section */

/* Begin PBXFrameworksBuildPhase section */
		63BC6AD420A6BABF00EB82A6 /* Frameworks */ = {
			isa = PBXFrameworksBuildPhase;
			buildActionMask = 2147483647;
			files = (
				63BC6B0D20A6BAE200EB82A6 /* CoreData.framework in Frameworks */,
				C526B45F16C8D78CD86A97E1 /* Pods_GroceryDeliveryApp.framework in Frameworks */,
			);
			runOnlyForDeploymentPostprocessing = 0;
		};
		63BC6AEB20A6BAC000EB82A6 /* Frameworks */ = {
			isa = PBXFrameworksBuildPhase;
			buildActionMask = 2147483647;
			files = (
				FCCC97AF27950B3C5997E0DC /* Pods_GroceryDeliveryAppTests.framework in Frameworks */,
			);
			runOnlyForDeploymentPostprocessing = 0;
		};
		63BC6AF620A6BAC100EB82A6 /* Frameworks */ = {
			isa = PBXFrameworksBuildPhase;
			buildActionMask = 2147483647;
			files = (
				CFD607A3E1D0F2FA0F06A2BD /* Pods_GroceryDeliveryAppUITests.framework in Frameworks */,
			);
			runOnlyForDeploymentPostprocessing = 0;
		};
/* End PBXFrameworksBuildPhase section */

/* Begin PBXGroup section */
		6343FD4C20BD5F3E00DDF3AB /* Model */ = {
			isa = PBXGroup;
			children = (
				63E8B44E20B6BF8B0078F69E /* OrderItem.swift */,
				63DCBBAD20BEA1920032E8B2 /* SampleDataSource.swift */,
				63A1EB2F20C129DD009F5778 /* Category.swift */,
				63B9FFDE20C551950050A21F /* User.swift */,
			);
			path = Model;
			sourceTree = "<group>";
		};
		63BC6ACE20A6BABF00EB82A6 = {
			isa = PBXGroup;
			children = (
				63BC6AD920A6BABF00EB82A6 /* GroceryDeliveryApp */,
				63BC6AF120A6BAC000EB82A6 /* GroceryDeliveryAppTests */,
				63BC6AFC20A6BAC100EB82A6 /* GroceryDeliveryAppUITests */,
				63BC6AD820A6BABF00EB82A6 /* Products */,
				63BC6B0B20A6BAE100EB82A6 /* Frameworks */,
				8DDFEBF7EEBEC287C986C35F /* Pods */,
			);
			sourceTree = "<group>";
		};
		63BC6AD820A6BABF00EB82A6 /* Products */ = {
			isa = PBXGroup;
			children = (
				63BC6AD720A6BABF00EB82A6 /* GroceryDeliveryApp.app */,
				63BC6AEE20A6BAC000EB82A6 /* GroceryDeliveryAppTests.xctest */,
				63BC6AF920A6BAC100EB82A6 /* GroceryDeliveryAppUITests.xctest */,
			);
			name = Products;
			sourceTree = "<group>";
		};
		63BC6AD920A6BABF00EB82A6 /* GroceryDeliveryApp */ = {
			isa = PBXGroup;
			children = (
				63E8B44A20B690EB0078F69E /* Custom Cells */,
				6343FD4C20BD5F3E00DDF3AB /* Model */,
				63E8B44B20B6911C0078F69E /* Controllers */,
				63BC6ADA20A6BABF00EB82A6 /* AppDelegate.swift */,
				63BC6ADE20A6BABF00EB82A6 /* Main.storyboard */,
				63BC6AE420A6BAC000EB82A6 /* Assets.xcassets */,
				63BC6AE620A6BAC000EB82A6 /* LaunchScreen.storyboard */,
				63BC6AE920A6BAC000EB82A6 /* Info.plist */,
				63BC6AE120A6BABF00EB82A6 /* GroceryDeliveryApp.xcdatamodeld */,
			);
			path = GroceryDeliveryApp;
			sourceTree = "<group>";
		};
		63BC6AF120A6BAC000EB82A6 /* GroceryDeliveryAppTests */ = {
			isa = PBXGroup;
			children = (
				63BC6AF220A6BAC000EB82A6 /* GroceryDeliveryAppTests.swift */,
				63BC6AF420A6BAC100EB82A6 /* Info.plist */,
				637692B520CA9479008C0060 /* RegisterViewControllerTest.swift */,
				637692C920CAA037008C0060 /* LoginViewControllerTest.swift */,
				637692CB20CAA117008C0060 /* ShopViewControllerTest.swift */,
				637692CD20CAA129008C0060 /* CartViewControllerTest.swift */,
				637692CF20CAA153008C0060 /* AccountViewControllerTest.swift */,
			);
			path = GroceryDeliveryAppTests;
			sourceTree = "<group>";
		};
		63BC6AFC20A6BAC100EB82A6 /* GroceryDeliveryAppUITests */ = {
			isa = PBXGroup;
			children = (
				63BC6AFD20A6BAC100EB82A6 /* GroceryDeliveryAppUITests.swift */,
				63BC6AFF20A6BAC100EB82A6 /* Info.plist */,
				63BC6B0E20A6C16B00EB82A6 /* GoogleService-Info.plist */,
			);
			path = GroceryDeliveryAppUITests;
			sourceTree = "<group>";
		};
		63BC6B0B20A6BAE100EB82A6 /* Frameworks */ = {
			isa = PBXGroup;
			children = (
				63BC6B0C20A6BAE200EB82A6 /* CoreData.framework */,
				531C490390905E84F10B2DC8 /* Pods_GroceryDeliveryApp.framework */,
				4690C40AB5C083E0407B18E2 /* Pods_GroceryDeliveryAppTests.framework */,
				4FCC80E1255A66BDEA5C76D0 /* Pods_GroceryDeliveryAppUITests.framework */,
			);
			name = Frameworks;
			sourceTree = "<group>";
		};
		63E8B44A20B690EB0078F69E /* Custom Cells */ = {
			isa = PBXGroup;
			children = (
				63FA42F120A7FE4C00B4AC46 /* ItemTableViewCell.swift */,
				63FA42F220A7FE4C00B4AC46 /* ItemTableViewCell.xib */,
				63FA42E920A7FE3600B4AC46 /* CategoryTableViewCell.swift */,
				63FA42EA20A7FE3600B4AC46 /* CategoryTableViewCell.xib */,
			);
			path = "Custom Cells";
			sourceTree = "<group>";
		};
		63E8B44B20B6911C0078F69E /* Controllers */ = {
			isa = PBXGroup;
			children = (
				63BC6B1220A6C55D00EB82A6 /* RegisterViewController.swift */,
				63BC6B1620A6C58000EB82A6 /* LoginViewController.swift */,
				63A3F53C20B672F900C22562 /* TabController.swift */,
				63FA42E520A7FE0900B4AC46 /* ShopViewController.swift */,
				63E8B44C20B6972D0078F69E /* CartViewController.swift */,
				639A686A20BFD5640031454A /* WelcomeViewController.swift */,
				63A1EB2B20C116E9009F5778 /* AccountViewController.swift */,
				6315E7E020C905C00086E8B2 /* ItemViewController.swift */,
				637692AD20CA1D69008C0060 /* ConfirmOrderViewController.swift */,
				637692B120CA561E008C0060 /* MapViewController.swift */,
			);
			path = Controllers;
			sourceTree = "<group>";
		};
		8DDFEBF7EEBEC287C986C35F /* Pods */ = {
			isa = PBXGroup;
			children = (
				BC1BE7E1D7FB06BC5FA9C7ED /* Pods-GroceryDeliveryApp.debug.xcconfig */,
				3C2B6E46D589EA25FA7C012A /* Pods-GroceryDeliveryApp.release.xcconfig */,
				263D8CE99E21B00DB7A6C01B /* Pods-GroceryDeliveryAppTests.debug.xcconfig */,
				8D6115D954EF607B3964A4F2 /* Pods-GroceryDeliveryAppTests.release.xcconfig */,
				BA81DC9E607D1BE13FDB5C3B /* Pods-GroceryDeliveryAppUITests.debug.xcconfig */,
				6713E768A41A1F5499BB016B /* Pods-GroceryDeliveryAppUITests.release.xcconfig */,
			);
			name = Pods;
			sourceTree = "<group>";
		};
/* End PBXGroup section */

/* Begin PBXNativeTarget section */
		63BC6AD620A6BABF00EB82A6 /* GroceryDeliveryApp */ = {
			isa = PBXNativeTarget;
			buildConfigurationList = 63BC6B0220A6BAC100EB82A6 /* Build configuration list for PBXNativeTarget "GroceryDeliveryApp" */;
			buildPhases = (
				809E674DDF557C311788E0C4 /* [CP] Check Pods Manifest.lock */,
				63BC6AD320A6BABF00EB82A6 /* Sources */,
				63BC6AD420A6BABF00EB82A6 /* Frameworks */,
				63BC6AD520A6BABF00EB82A6 /* Resources */,
				8FD1C8BA30B824AB358DD449 /* [CP] Embed Pods Frameworks */,
			);
			buildRules = (
			);
			dependencies = (
			);
			name = GroceryDeliveryApp;
			productName = GroceryDeliveryApp;
			productReference = 63BC6AD720A6BABF00EB82A6 /* GroceryDeliveryApp.app */;
			productType = "com.apple.product-type.application";
		};
		63BC6AED20A6BAC000EB82A6 /* GroceryDeliveryAppTests */ = {
			isa = PBXNativeTarget;
			buildConfigurationList = 63BC6B0520A6BAC100EB82A6 /* Build configuration list for PBXNativeTarget "GroceryDeliveryAppTests" */;
			buildPhases = (
				8074D6D38C310470CC89D82D /* [CP] Check Pods Manifest.lock */,
				63BC6AEA20A6BAC000EB82A6 /* Sources */,
				63BC6AEB20A6BAC000EB82A6 /* Frameworks */,
				63BC6AEC20A6BAC000EB82A6 /* Resources */,
			);
			buildRules = (
			);
			dependencies = (
				63BC6AF020A6BAC000EB82A6 /* PBXTargetDependency */,
			);
			name = GroceryDeliveryAppTests;
			productName = GroceryDeliveryAppTests;
			productReference = 63BC6AEE20A6BAC000EB82A6 /* GroceryDeliveryAppTests.xctest */;
			productType = "com.apple.product-type.bundle.unit-test";
		};
		63BC6AF820A6BAC100EB82A6 /* GroceryDeliveryAppUITests */ = {
			isa = PBXNativeTarget;
			buildConfigurationList = 63BC6B0820A6BAC100EB82A6 /* Build configuration list for PBXNativeTarget "GroceryDeliveryAppUITests" */;
			buildPhases = (
				037189395AFD3772A7AF00D8 /* [CP] Check Pods Manifest.lock */,
				63BC6AF520A6BAC100EB82A6 /* Sources */,
				63BC6AF620A6BAC100EB82A6 /* Frameworks */,
				63BC6AF720A6BAC100EB82A6 /* Resources */,
			);
			buildRules = (
			);
			dependencies = (
				63BC6AFB20A6BAC100EB82A6 /* PBXTargetDependency */,
			);
			name = GroceryDeliveryAppUITests;
			productName = GroceryDeliveryAppUITests;
			productReference = 63BC6AF920A6BAC100EB82A6 /* GroceryDeliveryAppUITests.xctest */;
			productType = "com.apple.product-type.bundle.ui-testing";
		};
/* End PBXNativeTarget section */

/* Begin PBXProject section */
		63BC6ACF20A6BABF00EB82A6 /* Project object */ = {
			isa = PBXProject;
			attributes = {
				LastSwiftUpdateCheck = 0930;
				LastUpgradeCheck = 0930;
				ORGANIZATIONNAME = "XIANG YAN";
				TargetAttributes = {
					63BC6AD620A6BABF00EB82A6 = {
						CreatedOnToolsVersion = 9.3;
					};
					63BC6AED20A6BAC000EB82A6 = {
						CreatedOnToolsVersion = 9.3;
						TestTargetID = 63BC6AD620A6BABF00EB82A6;
					};
					63BC6AF820A6BAC100EB82A6 = {
						CreatedOnToolsVersion = 9.3;
						TestTargetID = 63BC6AD620A6BABF00EB82A6;
					};
				};
			};
			buildConfigurationList = 63BC6AD220A6BABF00EB82A6 /* Build configuration list for PBXProject "GroceryDeliveryApp" */;
			compatibilityVersion = "Xcode 9.3";
			developmentRegion = en;
			hasScannedForEncodings = 0;
			knownRegions = (
				en,
				Base,
			);
			mainGroup = 63BC6ACE20A6BABF00EB82A6;
			productRefGroup = 63BC6AD820A6BABF00EB82A6 /* Products */;
			projectDirPath = "";
			projectRoot = "";
			targets = (
				63BC6AD620A6BABF00EB82A6 /* GroceryDeliveryApp */,
				63BC6AED20A6BAC000EB82A6 /* GroceryDeliveryAppTests */,
				63BC6AF820A6BAC100EB82A6 /* GroceryDeliveryAppUITests */,
			);
		};
/* End PBXProject section */

/* Begin PBXResourcesBuildPhase section */
		63BC6AD520A6BABF00EB82A6 /* Resources */ = {
			isa = PBXResourcesBuildPhase;
			buildActionMask = 2147483647;
			files = (
				63BC6AE820A6BAC000EB82A6 /* LaunchScreen.storyboard in Resources */,
				63FA42EE20A7FE3600B4AC46 /* CategoryTableViewCell.xib in Resources */,
				63BC6B0F20A6C16C00EB82A6 /* GoogleService-Info.plist in Resources */,
				63BC6AE520A6BAC000EB82A6 /* Assets.xcassets in Resources */,
				63FA42F620A7FE4C00B4AC46 /* ItemTableViewCell.xib in Resources */,
				63BC6AE020A6BABF00EB82A6 /* Main.storyboard in Resources */,
			);
			runOnlyForDeploymentPostprocessing = 0;
		};
		63BC6AEC20A6BAC000EB82A6 /* Resources */ = {
			isa = PBXResourcesBuildPhase;
			buildActionMask = 2147483647;
			files = (
				63FA42F720A7FE4C00B4AC46 /* ItemTableViewCell.xib in Resources */,
				637692C420CA9F8A008C0060 /* Assets.xcassets in Resources */,
				63FA42EF20A7FE3600B4AC46 /* CategoryTableViewCell.xib in Resources */,
			);
			runOnlyForDeploymentPostprocessing = 0;
		};
		63BC6AF720A6BAC100EB82A6 /* Resources */ = {
			isa = PBXResourcesBuildPhase;
			buildActionMask = 2147483647;
			files = (
				63FA42F820A7FE4C00B4AC46 /* ItemTableViewCell.xib in Resources */,
				637692C520CA9F8B008C0060 /* Assets.xcassets in Resources */,
				63FA42F020A7FE3600B4AC46 /* CategoryTableViewCell.xib in Resources */,
			);
			runOnlyForDeploymentPostprocessing = 0;
		};
/* End PBXResourcesBuildPhase section */

/* Begin PBXShellScriptBuildPhase section */
		037189395AFD3772A7AF00D8 /* [CP] Check Pods Manifest.lock */ = {
			isa = PBXShellScriptBuildPhase;
			buildActionMask = 2147483647;
			files = (
			);
			inputPaths = (
				"${PODS_PODFILE_DIR_PATH}/Podfile.lock",
				"${PODS_ROOT}/Manifest.lock",
			);
			name = "[CP] Check Pods Manifest.lock";
			outputPaths = (
				"$(DERIVED_FILE_DIR)/Pods-GroceryDeliveryAppUITests-checkManifestLockResult.txt",
			);
			runOnlyForDeploymentPostprocessing = 0;
			shellPath = /bin/sh;
			shellScript = "diff \"${PODS_PODFILE_DIR_PATH}/Podfile.lock\" \"${PODS_ROOT}/Manifest.lock\" > /dev/null\nif [ $? != 0 ] ; then\n    # print error to STDERR\n    echo \"error: The sandbox is not in sync with the Podfile.lock. Run 'pod install' or update your CocoaPods installation.\" >&2\n    exit 1\nfi\n# This output is used by Xcode 'outputs' to avoid re-running this script phase.\necho \"SUCCESS\" > \"${SCRIPT_OUTPUT_FILE_0}\"\n";
			showEnvVarsInLog = 0;
		};
		8074D6D38C310470CC89D82D /* [CP] Check Pods Manifest.lock */ = {
			isa = PBXShellScriptBuildPhase;
			buildActionMask = 2147483647;
			files = (
			);
			inputPaths = (
				"${PODS_PODFILE_DIR_PATH}/Podfile.lock",
				"${PODS_ROOT}/Manifest.lock",
			);
			name = "[CP] Check Pods Manifest.lock";
			outputPaths = (
				"$(DERIVED_FILE_DIR)/Pods-GroceryDeliveryAppTests-checkManifestLockResult.txt",
			);
			runOnlyForDeploymentPostprocessing = 0;
			shellPath = /bin/sh;
			shellScript = "diff \"${PODS_PODFILE_DIR_PATH}/Podfile.lock\" \"${PODS_ROOT}/Manifest.lock\" > /dev/null\nif [ $? != 0 ] ; then\n    # print error to STDERR\n    echo \"error: The sandbox is not in sync with the Podfile.lock. Run 'pod install' or update your CocoaPods installation.\" >&2\n    exit 1\nfi\n# This output is used by Xcode 'outputs' to avoid re-running this script phase.\necho \"SUCCESS\" > \"${SCRIPT_OUTPUT_FILE_0}\"\n";
			showEnvVarsInLog = 0;
		};
		809E674DDF557C311788E0C4 /* [CP] Check Pods Manifest.lock */ = {
			isa = PBXShellScriptBuildPhase;
			buildActionMask = 2147483647;
			files = (
			);
			inputPaths = (
				"${PODS_PODFILE_DIR_PATH}/Podfile.lock",
				"${PODS_ROOT}/Manifest.lock",
			);
			name = "[CP] Check Pods Manifest.lock";
			outputPaths = (
				"$(DERIVED_FILE_DIR)/Pods-GroceryDeliveryApp-checkManifestLockResult.txt",
			);
			runOnlyForDeploymentPostprocessing = 0;
			shellPath = /bin/sh;
			shellScript = "diff \"${PODS_PODFILE_DIR_PATH}/Podfile.lock\" \"${PODS_ROOT}/Manifest.lock\" > /dev/null\nif [ $? != 0 ] ; then\n    # print error to STDERR\n    echo \"error: The sandbox is not in sync with the Podfile.lock. Run 'pod install' or update your CocoaPods installation.\" >&2\n    exit 1\nfi\n# This output is used by Xcode 'outputs' to avoid re-running this script phase.\necho \"SUCCESS\" > \"${SCRIPT_OUTPUT_FILE_0}\"\n";
			showEnvVarsInLog = 0;
		};
		8FD1C8BA30B824AB358DD449 /* [CP] Embed Pods Frameworks */ = {
			isa = PBXShellScriptBuildPhase;
			buildActionMask = 2147483647;
			files = (
			);
			inputPaths = (
				"${SRCROOT}/Pods/Target Support Files/Pods-GroceryDeliveryApp/Pods-GroceryDeliveryApp-frameworks.sh",
				"${BUILT_PRODUCTS_DIR}/Alamofire/Alamofire.framework",
				"${BUILT_PRODUCTS_DIR}/GTMSessionFetcher/GTMSessionFetcher.framework",
				"${BUILT_PRODUCTS_DIR}/GoogleToolboxForMac/GoogleToolboxForMac.framework",
				"${BUILT_PRODUCTS_DIR}/SDWebImage/SDWebImage.framework",
				"${BUILT_PRODUCTS_DIR}/SVProgressHUD/SVProgressHUD.framework",
				"${BUILT_PRODUCTS_DIR}/SwiftyJSON/SwiftyJSON.framework",
				"${BUILT_PRODUCTS_DIR}/leveldb-library/leveldb.framework",
				"${BUILT_PRODUCTS_DIR}/nanopb/nanopb.framework",
			);
			name = "[CP] Embed Pods Frameworks";
			outputPaths = (
				"${TARGET_BUILD_DIR}/${FRAMEWORKS_FOLDER_PATH}/Alamofire.framework",
				"${TARGET_BUILD_DIR}/${FRAMEWORKS_FOLDER_PATH}/GTMSessionFetcher.framework",
				"${TARGET_BUILD_DIR}/${FRAMEWORKS_FOLDER_PATH}/GoogleToolboxForMac.framework",
				"${TARGET_BUILD_DIR}/${FRAMEWORKS_FOLDER_PATH}/SDWebImage.framework",
				"${TARGET_BUILD_DIR}/${FRAMEWORKS_FOLDER_PATH}/SVProgressHUD.framework",
				"${TARGET_BUILD_DIR}/${FRAMEWORKS_FOLDER_PATH}/SwiftyJSON.framework",
				"${TARGET_BUILD_DIR}/${FRAMEWORKS_FOLDER_PATH}/leveldb.framework",
				"${TARGET_BUILD_DIR}/${FRAMEWORKS_FOLDER_PATH}/nanopb.framework",
			);
			runOnlyForDeploymentPostprocessing = 0;
			shellPath = /bin/sh;
			shellScript = "\"${SRCROOT}/Pods/Target Support Files/Pods-GroceryDeliveryApp/Pods-GroceryDeliveryApp-frameworks.sh\"\n";
			showEnvVarsInLog = 0;
		};
/* End PBXShellScriptBuildPhase section */

/* Begin PBXSourcesBuildPhase section */
		63BC6AD320A6BABF00EB82A6 /* Sources */ = {
			isa = PBXSourcesBuildPhase;
			buildActionMask = 2147483647;
			files = (
				63BC6B1720A6C58000EB82A6 /* LoginViewController.swift in Sources */,
				6315E7E120C905C00086E8B2 /* ItemViewController.swift in Sources */,
				63A3F53D20B672F900C22562 /* TabController.swift in Sources */,
				63A1EB2C20C116E9009F5778 /* AccountViewController.swift in Sources */,
				63BC6AE320A6BABF00EB82A6 /* GroceryDeliveryApp.xcdatamodeld in Sources */,
				63DCBBAE20BEA1920032E8B2 /* SampleDataSource.swift in Sources */,
				63FA42E620A7FE0900B4AC46 /* ShopViewController.swift in Sources */,
				63BC6ADB20A6BABF00EB82A6 /* AppDelegate.swift in Sources */,
				637692AE20CA1D69008C0060 /* ConfirmOrderViewController.swift in Sources */,
				63BC6B1320A6C55D00EB82A6 /* RegisterViewController.swift in Sources */,
				63B9FFDF20C551950050A21F /* User.swift in Sources */,
				63FA42F320A7FE4C00B4AC46 /* ItemTableViewCell.swift in Sources */,
				63E8B44F20B6BF8B0078F69E /* OrderItem.swift in Sources */,
				637692B220CA561E008C0060 /* MapViewController.swift in Sources */,
				639A686B20BFD5640031454A /* WelcomeViewController.swift in Sources */,
				63E8B44D20B6972D0078F69E /* CartViewController.swift in Sources */,
				63FA42EB20A7FE3600B4AC46 /* CategoryTableViewCell.swift in Sources */,
				63A1EB3020C129DD009F5778 /* Category.swift in Sources */,
			);
			runOnlyForDeploymentPostprocessing = 0;
		};
		63BC6AEA20A6BAC000EB82A6 /* Sources */ = {
			isa = PBXSourcesBuildPhase;
			buildActionMask = 2147483647;
			files = (
				637692B320CA561E008C0060 /* MapViewController.swift in Sources */,
				63FA42EC20A7FE3600B4AC46 /* CategoryTableViewCell.swift in Sources */,
				637692C620CA9F8F008C0060 /* GroceryDeliveryApp.xcdatamodeld in Sources */,
				637692B620CA9479008C0060 /* RegisterViewControllerTest.swift in Sources */,
				63FA42E720A7FE0900B4AC46 /* ShopViewController.swift in Sources */,
				637692BC20CA9F58008C0060 /* SampleDataSource.swift in Sources */,
				63A1EB2D20C116E9009F5778 /* AccountViewController.swift in Sources */,
				63BC6B1820A6C58000EB82A6 /* LoginViewController.swift in Sources */,
				637692CE20CAA129008C0060 /* CartViewControllerTest.swift in Sources */,
				637692C020CA9F5F008C0060 /* User.swift in Sources */,
				637692BE20CA9F5C008C0060 /* Category.swift in Sources */,
				637692AF20CA1D69008C0060 /* ConfirmOrderViewController.swift in Sources */,
				63BC6AF320A6BAC000EB82A6 /* GroceryDeliveryAppTests.swift in Sources */,
				637692CA20CAA037008C0060 /* LoginViewControllerTest.swift in Sources */,
				637692B820CA9F4D008C0060 /* AppDelegate.swift in Sources */,
				637692BA20CA9F56008C0060 /* OrderItem.swift in Sources */,
				637692D020CAA153008C0060 /* AccountViewControllerTest.swift in Sources */,
				63FA42F420A7FE4C00B4AC46 /* ItemTableViewCell.swift in Sources */,
				63BC6B1420A6C55D00EB82A6 /* RegisterViewController.swift in Sources */,
				639A686C20BFD5640031454A /* WelcomeViewController.swift in Sources */,
				637692C220CA9F7B008C0060 /* CartViewController.swift in Sources */,
				6315E7E220C905C00086E8B2 /* ItemViewController.swift in Sources */,
				637692CC20CAA117008C0060 /* ShopViewControllerTest.swift in Sources */,
			);
			runOnlyForDeploymentPostprocessing = 0;
		};
		63BC6AF520A6BAC100EB82A6 /* Sources */ = {
			isa = PBXSourcesBuildPhase;
			buildActionMask = 2147483647;
			files = (
				637692B920CA9F4F008C0060 /* AppDelegate.swift in Sources */,
				637692B420CA561E008C0060 /* MapViewController.swift in Sources */,
				63FA42ED20A7FE3600B4AC46 /* CategoryTableViewCell.swift in Sources */,
				63FA42E820A7FE0900B4AC46 /* ShopViewController.swift in Sources */,
				637692D220CAA15F008C0060 /* CartViewControllerTest.swift in Sources */,
				637692C120CA9F5F008C0060 /* User.swift in Sources */,
				637692BB20CA9F56008C0060 /* OrderItem.swift in Sources */,
				63A1EB2E20C116E9009F5778 /* AccountViewController.swift in Sources */,
				63BC6B1920A6C58000EB82A6 /* LoginViewController.swift in Sources */,
				637692B020CA1D69008C0060 /* ConfirmOrderViewController.swift in Sources */,
				63BC6AFE20A6BAC100EB82A6 /* GroceryDeliveryAppUITests.swift in Sources */,
				63FA42F520A7FE4C00B4AC46 /* ItemTableViewCell.swift in Sources */,
				637692D420CAA165008C0060 /* LoginViewControllerTest.swift in Sources */,
				637692D120CAA153008C0060 /* AccountViewControllerTest.swift in Sources */,
				63BC6B1520A6C55D00EB82A6 /* RegisterViewController.swift in Sources */,
				637692BF20CA9F5C008C0060 /* Category.swift in Sources */,
				637692D520CAA168008C0060 /* RegisterViewControllerTest.swift in Sources */,
				637692C320CA9F7B008C0060 /* CartViewController.swift in Sources */,
				639A686D20BFD5640031454A /* WelcomeViewController.swift in Sources */,
				637692C720CA9F90008C0060 /* GroceryDeliveryApp.xcdatamodeld in Sources */,
				637692BD20CA9F59008C0060 /* SampleDataSource.swift in Sources */,
				6315E7E320C905C00086E8B2 /* ItemViewController.swift in Sources */,
				637692D320CAA162008C0060 /* ShopViewControllerTest.swift in Sources */,
			);
			runOnlyForDeploymentPostprocessing = 0;
		};
/* End PBXSourcesBuildPhase section */

/* Begin PBXTargetDependency section */
		63BC6AF020A6BAC000EB82A6 /* PBXTargetDependency */ = {
			isa = PBXTargetDependency;
			target = 63BC6AD620A6BABF00EB82A6 /* GroceryDeliveryApp */;
			targetProxy = 63BC6AEF20A6BAC000EB82A6 /* PBXContainerItemProxy */;
		};
		63BC6AFB20A6BAC100EB82A6 /* PBXTargetDependency */ = {
			isa = PBXTargetDependency;
			target = 63BC6AD620A6BABF00EB82A6 /* GroceryDeliveryApp */;
			targetProxy = 63BC6AFA20A6BAC100EB82A6 /* PBXContainerItemProxy */;
		};
/* End PBXTargetDependency section */

/* Begin PBXVariantGroup section */
		63BC6ADE20A6BABF00EB82A6 /* Main.storyboard */ = {
			isa = PBXVariantGroup;
			children = (
				63BC6ADF20A6BABF00EB82A6 /* Base */,
			);
			name = Main.storyboard;
			sourceTree = "<group>";
		};
		63BC6AE620A6BAC000EB82A6 /* LaunchScreen.storyboard */ = {
			isa = PBXVariantGroup;
			children = (
				63BC6AE720A6BAC000EB82A6 /* Base */,
			);
			name = LaunchScreen.storyboard;
			sourceTree = "<group>";
		};
/* End PBXVariantGroup section */

/* Begin XCBuildConfiguration section */
		63BC6B0020A6BAC100EB82A6 /* Debug */ = {
			isa = XCBuildConfiguration;
			buildSettings = {
				ALWAYS_SEARCH_USER_PATHS = NO;
				CLANG_ANALYZER_NONNULL = YES;
				CLANG_ANALYZER_NUMBER_OBJECT_CONVERSION = YES_AGGRESSIVE;
				CLANG_CXX_LANGUAGE_STANDARD = "gnu++14";
				CLANG_CXX_LIBRARY = "libc++";
				CLANG_ENABLE_MODULES = YES;
				CLANG_ENABLE_OBJC_ARC = YES;
				CLANG_ENABLE_OBJC_WEAK = YES;
				CLANG_WARN_BLOCK_CAPTURE_AUTORELEASING = YES;
				CLANG_WARN_BOOL_CONVERSION = YES;
				CLANG_WARN_COMMA = YES;
				CLANG_WARN_CONSTANT_CONVERSION = YES;
				CLANG_WARN_DEPRECATED_OBJC_IMPLEMENTATIONS = YES;
				CLANG_WARN_DIRECT_OBJC_ISA_USAGE = YES_ERROR;
				CLANG_WARN_DOCUMENTATION_COMMENTS = YES;
				CLANG_WARN_EMPTY_BODY = YES;
				CLANG_WARN_ENUM_CONVERSION = YES;
				CLANG_WARN_INFINITE_RECURSION = YES;
				CLANG_WARN_INT_CONVERSION = YES;
				CLANG_WARN_NON_LITERAL_NULL_CONVERSION = YES;
				CLANG_WARN_OBJC_IMPLICIT_RETAIN_SELF = YES;
				CLANG_WARN_OBJC_LITERAL_CONVERSION = YES;
				CLANG_WARN_OBJC_ROOT_CLASS = YES_ERROR;
				CLANG_WARN_RANGE_LOOP_ANALYSIS = YES;
				CLANG_WARN_STRICT_PROTOTYPES = YES;
				CLANG_WARN_SUSPICIOUS_MOVE = YES;
				CLANG_WARN_UNGUARDED_AVAILABILITY = YES_AGGRESSIVE;
				CLANG_WARN_UNREACHABLE_CODE = YES;
				CLANG_WARN__DUPLICATE_METHOD_MATCH = YES;
				CODE_SIGN_IDENTITY = "iPhone Developer";
				COPY_PHASE_STRIP = NO;
				DEBUG_INFORMATION_FORMAT = dwarf;
				ENABLE_STRICT_OBJC_MSGSEND = YES;
				ENABLE_TESTABILITY = YES;
				GCC_C_LANGUAGE_STANDARD = gnu11;
				GCC_DYNAMIC_NO_PIC = NO;
				GCC_NO_COMMON_BLOCKS = YES;
				GCC_OPTIMIZATION_LEVEL = 0;
				GCC_PREPROCESSOR_DEFINITIONS = (
					"DEBUG=1",
					"$(inherited)",
				);
				GCC_WARN_64_TO_32_BIT_CONVERSION = YES;
				GCC_WARN_ABOUT_RETURN_TYPE = YES_ERROR;
				GCC_WARN_UNDECLARED_SELECTOR = YES;
				GCC_WARN_UNINITIALIZED_AUTOS = YES_AGGRESSIVE;
				GCC_WARN_UNUSED_FUNCTION = YES;
				GCC_WARN_UNUSED_VARIABLE = YES;
				IPHONEOS_DEPLOYMENT_TARGET = 11.3;
				MTL_ENABLE_DEBUG_INFO = YES;
				ONLY_ACTIVE_ARCH = YES;
				SDKROOT = iphoneos;
				SWIFT_ACTIVE_COMPILATION_CONDITIONS = DEBUG;
				SWIFT_OPTIMIZATION_LEVEL = "-Onone";
			};
			name = Debug;
		};
		63BC6B0120A6BAC100EB82A6 /* Release */ = {
			isa = XCBuildConfiguration;
			buildSettings = {
				ALWAYS_SEARCH_USER_PATHS = NO;
				CLANG_ANALYZER_NONNULL = YES;
				CLANG_ANALYZER_NUMBER_OBJECT_CONVERSION = YES_AGGRESSIVE;
				CLANG_CXX_LANGUAGE_STANDARD = "gnu++14";
				CLANG_CXX_LIBRARY = "libc++";
				CLANG_ENABLE_MODULES = YES;
				CLANG_ENABLE_OBJC_ARC = YES;
				CLANG_ENABLE_OBJC_WEAK = YES;
				CLANG_WARN_BLOCK_CAPTURE_AUTORELEASING = YES;
				CLANG_WARN_BOOL_CONVERSION = YES;
				CLANG_WARN_COMMA = YES;
				CLANG_WARN_CONSTANT_CONVERSION = YES;
				CLANG_WARN_DEPRECATED_OBJC_IMPLEMENTATIONS = YES;
				CLANG_WARN_DIRECT_OBJC_ISA_USAGE = YES_ERROR;
				CLANG_WARN_DOCUMENTATION_COMMENTS = YES;
				CLANG_WARN_EMPTY_BODY = YES;
				CLANG_WARN_ENUM_CONVERSION = YES;
				CLANG_WARN_INFINITE_RECURSION = YES;
				CLANG_WARN_INT_CONVERSION = YES;
				CLANG_WARN_NON_LITERAL_NULL_CONVERSION = YES;
				CLANG_WARN_OBJC_IMPLICIT_RETAIN_SELF = YES;
				CLANG_WARN_OBJC_LITERAL_CONVERSION = YES;
				CLANG_WARN_OBJC_ROOT_CLASS = YES_ERROR;
				CLANG_WARN_RANGE_LOOP_ANALYSIS = YES;
				CLANG_WARN_STRICT_PROTOTYPES = YES;
				CLANG_WARN_SUSPICIOUS_MOVE = YES;
				CLANG_WARN_UNGUARDED_AVAILABILITY = YES_AGGRESSIVE;
				CLANG_WARN_UNREACHABLE_CODE = YES;
				CLANG_WARN__DUPLICATE_METHOD_MATCH = YES;
				CODE_SIGN_IDENTITY = "iPhone Developer";
				COPY_PHASE_STRIP = NO;
				DEBUG_INFORMATION_FORMAT = "dwarf-with-dsym";
				ENABLE_NS_ASSERTIONS = NO;
				ENABLE_STRICT_OBJC_MSGSEND = YES;
				GCC_C_LANGUAGE_STANDARD = gnu11;
				GCC_NO_COMMON_BLOCKS = YES;
				GCC_WARN_64_TO_32_BIT_CONVERSION = YES;
				GCC_WARN_ABOUT_RETURN_TYPE = YES_ERROR;
				GCC_WARN_UNDECLARED_SELECTOR = YES;
				GCC_WARN_UNINITIALIZED_AUTOS = YES_AGGRESSIVE;
				GCC_WARN_UNUSED_FUNCTION = YES;
				GCC_WARN_UNUSED_VARIABLE = YES;
				IPHONEOS_DEPLOYMENT_TARGET = 11.3;
				MTL_ENABLE_DEBUG_INFO = NO;
				SDKROOT = iphoneos;
				SWIFT_COMPILATION_MODE = wholemodule;
				SWIFT_OPTIMIZATION_LEVEL = "-O";
				VALIDATE_PRODUCT = YES;
			};
			name = Release;
		};
		63BC6B0320A6BAC100EB82A6 /* Debug */ = {
			isa = XCBuildConfiguration;
			baseConfigurationReference = BC1BE7E1D7FB06BC5FA9C7ED /* Pods-GroceryDeliveryApp.debug.xcconfig */;
			buildSettings = {
				ASSETCATALOG_COMPILER_APPICON_NAME = AppIcon;
				CODE_SIGN_STYLE = Automatic;
				DEVELOPMENT_TEAM = S7853BYDVL;
				INFOPLIST_FILE = GroceryDeliveryApp/Info.plist;
				IPHONEOS_DEPLOYMENT_TARGET = 11.2;
				LD_RUNPATH_SEARCH_PATHS = "$(inherited) @executable_path/Frameworks";
				PRODUCT_BUNDLE_IDENTIFIER = "Andy-Yan.GroceryDeliveryApp";
				PRODUCT_NAME = "$(TARGET_NAME)";
				SWIFT_VERSION = 4.0;
				TARGETED_DEVICE_FAMILY = "1,2";
			};
			name = Debug;
		};
		63BC6B0420A6BAC100EB82A6 /* Release */ = {
			isa = XCBuildConfiguration;
			baseConfigurationReference = 3C2B6E46D589EA25FA7C012A /* Pods-GroceryDeliveryApp.release.xcconfig */;
			buildSettings = {
				ASSETCATALOG_COMPILER_APPICON_NAME = AppIcon;
				CODE_SIGN_STYLE = Automatic;
				DEVELOPMENT_TEAM = S7853BYDVL;
				INFOPLIST_FILE = GroceryDeliveryApp/Info.plist;
				IPHONEOS_DEPLOYMENT_TARGET = 11.2;
				LD_RUNPATH_SEARCH_PATHS = "$(inherited) @executable_path/Frameworks";
				PRODUCT_BUNDLE_IDENTIFIER = "Andy-Yan.GroceryDeliveryApp";
				PRODUCT_NAME = "$(TARGET_NAME)";
				SWIFT_VERSION = 4.0;
				TARGETED_DEVICE_FAMILY = "1,2";
			};
			name = Release;
		};
		63BC6B0620A6BAC100EB82A6 /* Debug */ = {
			isa = XCBuildConfiguration;
			baseConfigurationReference = 263D8CE99E21B00DB7A6C01B /* Pods-GroceryDeliveryAppTests.debug.xcconfig */;
			buildSettings = {
				ALWAYS_EMBED_SWIFT_STANDARD_LIBRARIES = YES;
				BUNDLE_LOADER = "$(TEST_HOST)";
				CODE_SIGN_STYLE = Automatic;
				DEVELOPMENT_TEAM = S7853BYDVL;
				INFOPLIST_FILE = GroceryDeliveryAppTests/Info.plist;
				LD_RUNPATH_SEARCH_PATHS = "$(inherited) @executable_path/Frameworks @loader_path/Frameworks";
				PRODUCT_BUNDLE_IDENTIFIER = "Andy-Yan.GroceryDeliveryAppTests";
				PRODUCT_NAME = "$(TARGET_NAME)";
				SWIFT_VERSION = 4.0;
				TARGETED_DEVICE_FAMILY = "1,2";
				TEST_HOST = "$(BUILT_PRODUCTS_DIR)/GroceryDeliveryApp.app/GroceryDeliveryApp";
			};
			name = Debug;
		};
		63BC6B0720A6BAC100EB82A6 /* Release */ = {
			isa = XCBuildConfiguration;
			baseConfigurationReference = 8D6115D954EF607B3964A4F2 /* Pods-GroceryDeliveryAppTests.release.xcconfig */;
			buildSettings = {
				ALWAYS_EMBED_SWIFT_STANDARD_LIBRARIES = YES;
				BUNDLE_LOADER = "$(TEST_HOST)";
				CODE_SIGN_STYLE = Automatic;
				DEVELOPMENT_TEAM = S7853BYDVL;
				INFOPLIST_FILE = GroceryDeliveryAppTests/Info.plist;
				LD_RUNPATH_SEARCH_PATHS = "$(inherited) @executable_path/Frameworks @loader_path/Frameworks";
				PRODUCT_BUNDLE_IDENTIFIER = "Andy-Yan.GroceryDeliveryAppTests";
				PRODUCT_NAME = "$(TARGET_NAME)";
				SWIFT_VERSION = 4.0;
				TARGETED_DEVICE_FAMILY = "1,2";
				TEST_HOST = "$(BUILT_PRODUCTS_DIR)/GroceryDeliveryApp.app/GroceryDeliveryApp";
			};
			name = Release;
		};
		63BC6B0920A6BAC100EB82A6 /* Debug */ = {
			isa = XCBuildConfiguration;
			baseConfigurationReference = BA81DC9E607D1BE13FDB5C3B /* Pods-GroceryDeliveryAppUITests.debug.xcconfig */;
			buildSettings = {
				ALWAYS_EMBED_SWIFT_STANDARD_LIBRARIES = YES;
				CODE_SIGN_STYLE = Automatic;
				DEVELOPMENT_TEAM = S7853BYDVL;
				INFOPLIST_FILE = GroceryDeliveryAppUITests/Info.plist;
				LD_RUNPATH_SEARCH_PATHS = "$(inherited) @executable_path/Frameworks @loader_path/Frameworks";
				PRODUCT_BUNDLE_IDENTIFIER = "Andy-Yan.GroceryDeliveryAppUITests";
				PRODUCT_NAME = "$(TARGET_NAME)";
				SWIFT_VERSION = 4.0;
				TARGETED_DEVICE_FAMILY = "1,2";
				TEST_TARGET_NAME = GroceryDeliveryApp;
			};
			name = Debug;
		};
		63BC6B0A20A6BAC100EB82A6 /* Release */ = {
			isa = XCBuildConfiguration;
			baseConfigurationReference = 6713E768A41A1F5499BB016B /* Pods-GroceryDeliveryAppUITests.release.xcconfig */;
			buildSettings = {
				ALWAYS_EMBED_SWIFT_STANDARD_LIBRARIES = YES;
				CODE_SIGN_STYLE = Automatic;
				DEVELOPMENT_TEAM = S7853BYDVL;
				INFOPLIST_FILE = GroceryDeliveryAppUITests/Info.plist;
				LD_RUNPATH_SEARCH_PATHS = "$(inherited) @executable_path/Frameworks @loader_path/Frameworks";
				PRODUCT_BUNDLE_IDENTIFIER = "Andy-Yan.GroceryDeliveryAppUITests";
				PRODUCT_NAME = "$(TARGET_NAME)";
				SWIFT_VERSION = 4.0;
				TARGETED_DEVICE_FAMILY = "1,2";
				TEST_TARGET_NAME = GroceryDeliveryApp;
			};
			name = Release;
		};
/* End XCBuildConfiguration section */

/* Begin XCConfigurationList section */
		63BC6AD220A6BABF00EB82A6 /* Build configuration list for PBXProject "GroceryDeliveryApp" */ = {
			isa = XCConfigurationList;
			buildConfigurations = (
				63BC6B0020A6BAC100EB82A6 /* Debug */,
				63BC6B0120A6BAC100EB82A6 /* Release */,
			);
			defaultConfigurationIsVisible = 0;
			defaultConfigurationName = Release;
		};
		63BC6B0220A6BAC100EB82A6 /* Build configuration list for PBXNativeTarget "GroceryDeliveryApp" */ = {
			isa = XCConfigurationList;
			buildConfigurations = (
				63BC6B0320A6BAC100EB82A6 /* Debug */,
				63BC6B0420A6BAC100EB82A6 /* Release */,
			);
			defaultConfigurationIsVisible = 0;
			defaultConfigurationName = Release;
		};
		63BC6B0520A6BAC100EB82A6 /* Build configuration list for PBXNativeTarget "GroceryDeliveryAppTests" */ = {
			isa = XCConfigurationList;
			buildConfigurations = (
				63BC6B0620A6BAC100EB82A6 /* Debug */,
				63BC6B0720A6BAC100EB82A6 /* Release */,
			);
			defaultConfigurationIsVisible = 0;
			defaultConfigurationName = Release;
		};
		63BC6B0820A6BAC100EB82A6 /* Build configuration list for PBXNativeTarget "GroceryDeliveryAppUITests" */ = {
			isa = XCConfigurationList;
			buildConfigurations = (
				63BC6B0920A6BAC100EB82A6 /* Debug */,
				63BC6B0A20A6BAC100EB82A6 /* Release */,
			);
			defaultConfigurationIsVisible = 0;
			defaultConfigurationName = Release;
		};
/* End XCConfigurationList section */

/* Begin XCVersionGroup section */
		63BC6AE120A6BABF00EB82A6 /* GroceryDeliveryApp.xcdatamodeld */ = {
			isa = XCVersionGroup;
			children = (
				63BC6AE220A6BABF00EB82A6 /* GroceryDeliveryApp.xcdatamodel */,
			);
			currentVersion = 63BC6AE220A6BABF00EB82A6 /* GroceryDeliveryApp.xcdatamodel */;
			path = GroceryDeliveryApp.xcdatamodeld;
			sourceTree = "<group>";
			versionGroupType = wrapper.xcdatamodel;
		};
/* End XCVersionGroup section */
	};
	rootObject = 63BC6ACF20A6BABF00EB82A6 /* Project object */;
}
